
Microsoft Visual Studio Solution File, Format Version 12.00
# Visual Studio Version 17
VisualStudioVersion = 17.13.36105.23
MinimumVisualStudioVersion = 10.0.40219.1
Project("{FAE04EC0-301F-11D3-BF4B-00C04F79EFBC}") = "ProjetoDeExtensao.BlazorApp", "ProjetoDeExtensao.BlazorApp\ProjetoDeExtensao.BlazorApp\ProjetoDeExtensao.BlazorApp.csproj", "{A4086AC7-BBB3-4113-9544-C7E623D5672C}"
EndProject
Project("{FAE04EC0-301F-11D3-BF4B-00C04F79EFBC}") = "ProjetoDeExtensao.BlazorApp.Client", "ProjetoDeExtensao.BlazorApp\ProjetoDeExtensao.BlazorApp.Client\ProjetoDeExtensao.BlazorApp.Client.csproj", "{397568AA-990D-48D6-A4B1-29FF3D035302}"
EndProject
Project("{FAE04EC0-301F-11D3-BF4B-00C04F79EFBC}") = "ProjetoDeExtensao.Shared", "ProjetoDeExtensao.Shared\ProjetoDeExtensao.Shared.csproj", "{97E5F2FC-46A5-451F-AA01-148D0045E261}"
EndProject
Global
	GlobalSection(SolutionConfigurationPlatforms) = preSolution
		Debug|Any CPU = Debug|Any CPU
		Release|Any CPU = Release|Any CPU
	EndGlobalSection
	GlobalSection(ProjectConfigurationPlatforms) = postSolution
		{A4086AC7-BBB3-4113-9544-C7E623D5672C}.Debug|Any CPU.ActiveCfg = Debug|Any CPU
		{A4086AC7-BBB3-4113-9544-C7E623D5672C}.Debug|Any CPU.Build.0 = Debug|Any CPU
		{A4086AC7-BBB3-4113-9544-C7E623D5672C}.Release|Any CPU.ActiveCfg = Release|Any CPU
		{A4086AC7-BBB3-4113-9544-C7E623D5672C}.Release|Any CPU.Build.0 = Release|Any CPU
		{397568AA-990D-48D6-A4B1-29FF3D035302}.Debug|Any CPU.ActiveCfg = Debug|Any CPU
		{397568AA-990D-48D6-A4B1-29FF3D035302}.Debug|Any CPU.Build.0 = Debug|Any CPU
		{397568AA-990D-48D6-A4B1-29FF3D035302}.Release|Any CPU.ActiveCfg = Release|Any CPU
		{397568AA-990D-48D6-A4B1-29FF3D035302}.Release|Any CPU.Build.0 = Release|Any CPU
		{97E5F2FC-46A5-451F-AA01-148D0045E261}.Debug|Any CPU.ActiveCfg = Debug|Any CPU
		{97E5F2FC-46A5-451F-AA01-148D0045E261}.Debug|Any CPU.Build.0 = Debug|Any CPU
		{97E5F2FC-46A5-451F-AA01-148D0045E261}.Release|Any CPU.ActiveCfg = Release|Any CPU
		{97E5F2FC-46A5-451F-AA01-148D0045E261}.Release|Any CPU.Build.0 = Release|Any CPU
	EndGlobalSection
	GlobalSection(SolutionProperties) = preSolution
		HideSolutionNode = FALSE
	EndGlobalSection
	GlobalSection(ExtensibilityGlobals) = postSolution
		SolutionGuid = {45801B17-5FC3-431D-BDE5-BB7720BA9183}
	EndGlobalSection
EndGlobal
